// !$*UTF8*$!
{
	archiveVersion = 1;
	classes = {
	};
	objectVersion = 54;
	objects = {

/* Begin PBXBuildFile section */
		3C3E5C23746BAFB19C92520E /* Pods_CustomTabBarController.framework in Frameworks */ = {isa = PBXBuildFile; fileRef = 53E5313E26C561220D774B79 /* Pods_CustomTabBarController.framework */; };
		537BDA4223C43B8C001EF4B3 /* AppDelegate.swift in Sources */ = {isa = PBXBuildFile; fileRef = 537BDA4123C43B8C001EF4B3 /* AppDelegate.swift */; };
		537BDA4723C43B8C001EF4B3 /* Main.storyboard in Resources */ = {isa = PBXBuildFile; fileRef = 537BDA4523C43B8C001EF4B3 /* Main.storyboard */; };
		537BDA4923C43B8D001EF4B3 /* Assets.xcassets in Resources */ = {isa = PBXBuildFile; fileRef = 537BDA4823C43B8D001EF4B3 /* Assets.xcassets */; };
		537BDA4C23C43B8D001EF4B3 /* LaunchScreen.storyboard in Resources */ = {isa = PBXBuildFile; fileRef = 537BDA4A23C43B8D001EF4B3 /* LaunchScreen.storyboard */; };
		537BDA5823C43D90001EF4B3 /* SecondViewController.swift in Sources */ = {isa = PBXBuildFile; fileRef = 537BDA5723C43D90001EF4B3 /* SecondViewController.swift */; };
		537BDA5A23C43D9F001EF4B3 /* ActionViewController.swift in Sources */ = {isa = PBXBuildFile; fileRef = 537BDA5923C43D9F001EF4B3 /* ActionViewController.swift */; };
		537BDA5C23C43DAF001EF4B3 /* ThirdViewController.swift in Sources */ = {isa = PBXBuildFile; fileRef = 537BDA5B23C43DAF001EF4B3 /* ThirdViewController.swift */; };
		537BDA6023C44412001EF4B3 /* MasterTabBarController.swift in Sources */ = {isa = PBXBuildFile; fileRef = 537BDA5F23C44412001EF4B3 /* MasterTabBarController.swift */; };
		ACF41A8E280EB206001B9B10 /* Data+Extension.swift in Sources */ = {isa = PBXBuildFile; fileRef = ACF41A8D280EB206001B9B10 /* Data+Extension.swift */; };
		ACF41A94280EB2B9001B9B10 /* Storyboard+Extension.swift in Sources */ = {isa = PBXBuildFile; fileRef = ACF41A93280EB2B9001B9B10 /* Storyboard+Extension.swift */; };
		ACF41A97280EB365001B9B10 /* Identifier.swift in Sources */ = {isa = PBXBuildFile; fileRef = ACF41A96280EB365001B9B10 /* Identifier.swift */; };
		ACF41A9E280EB438001B9B10 /* WeatherViewController.swift in Sources */ = {isa = PBXBuildFile; fileRef = ACF41A9D280EB438001B9B10 /* WeatherViewController.swift */; };
		ACF41AA2280EB462001B9B10 /* WeatherTableViewCell.swift in Sources */ = {isa = PBXBuildFile; fileRef = ACF41AA0280EB462001B9B10 /* WeatherTableViewCell.swift */; };
		ACF41AA3280EB462001B9B10 /* WeatherTableViewCell.xib in Resources */ = {isa = PBXBuildFile; fileRef = ACF41AA1280EB462001B9B10 /* WeatherTableViewCell.xib */; };
		ACF41AA5280EB49B001B9B10 /* UITableView+Extension.swift in Sources */ = {isa = PBXBuildFile; fileRef = ACF41AA4280EB49B001B9B10 /* UITableView+Extension.swift */; };
		ACF41AA7280EB55B001B9B10 /* WeatherViewModel.swift in Sources */ = {isa = PBXBuildFile; fileRef = ACF41AA6280EB55B001B9B10 /* WeatherViewModel.swift */; };
		ACF41AAA280EB892001B9B10 /* IPLookupAPIModel.swift in Sources */ = {isa = PBXBuildFile; fileRef = ACF41AA9280EB892001B9B10 /* IPLookupAPIModel.swift */; };
		ACF41AAC280EBDF0001B9B10 /* ForecastWeatherAPIModel.swift in Sources */ = {isa = PBXBuildFile; fileRef = ACF41AAB280EBDF0001B9B10 /* ForecastWeatherAPIModel.swift */; };
		FAF04F92280EDA1A00F7E27F /* Todo.storyboard in Resources */ = {isa = PBXBuildFile; fileRef = FAF04F91280EDA1A00F7E27F /* Todo.storyboard */; };
		FAF04F95280EDA6D00F7E27F /* MenuTabBarController.swift in Sources */ = {isa = PBXBuildFile; fileRef = FAF04F94280EDA6D00F7E27F /* MenuTabBarController.swift */; };
		FAF04F9D280EDB8200F7E27F /* TodoTableViewCell.swift in Sources */ = {isa = PBXBuildFile; fileRef = FAF04F9B280EDB8200F7E27F /* TodoTableViewCell.swift */; };
		FAF04F9E280EDB8200F7E27F /* TodoTableViewCell.xib in Resources */ = {isa = PBXBuildFile; fileRef = FAF04F9C280EDB8200F7E27F /* TodoTableViewCell.xib */; };
		FAF04FA3280EDEB800F7E27F /* HomeTodosViewController.swift in Sources */ = {isa = PBXBuildFile; fileRef = FAF04FA2280EDEB800F7E27F /* HomeTodosViewController.swift */; };
		FAF04FA6280EF83200F7E27F /* DataManager.swift in Sources */ = {isa = PBXBuildFile; fileRef = FAF04FA5280EF83200F7E27F /* DataManager.swift */; };
		FAF04FA9280EF87D00F7E27F /* TodoModel.swift in Sources */ = {isa = PBXBuildFile; fileRef = FAF04FA8280EF87D00F7E27F /* TodoModel.swift */; };
		FAF04FAB280EFAD100F7E27F /* TodoInfoViewController.swift in Sources */ = {isa = PBXBuildFile; fileRef = FAF04FAA280EFAD100F7E27F /* TodoInfoViewController.swift */; };
		FAF04FAE280EFAFA00F7E27F /* TodoInfoViewModel.swift in Sources */ = {isa = PBXBuildFile; fileRef = FAF04FAD280EFAFA00F7E27F /* TodoInfoViewModel.swift */; };
		FAF04FB0280EFF5500F7E27F /* HomeTodosViewModel.swift in Sources */ = {isa = PBXBuildFile; fileRef = FAF04FAF280EFF5500F7E27F /* HomeTodosViewModel.swift */; };
		FAF9982D2B84FC0900FA40E8 /* BaseViewController.swift in Sources */ = {isa = PBXBuildFile; fileRef = FAF9982C2B84FC0900FA40E8 /* BaseViewController.swift */; };
/* End PBXBuildFile section */

/* Begin PBXFileReference section */
		4DBA3A3863333D79F9D1A192 /* Pods-CustomTabBarController.debug.xcconfig */ = {isa = PBXFileReference; includeInIndex = 1; lastKnownFileType = text.xcconfig; name = "Pods-CustomTabBarController.debug.xcconfig"; path = "Target Support Files/Pods-CustomTabBarController/Pods-CustomTabBarController.debug.xcconfig"; sourceTree = "<group>"; };
		537BDA3E23C43B8C001EF4B3 /* CustomTabBarController.app */ = {isa = PBXFileReference; explicitFileType = wrapper.application; includeInIndex = 0; path = CustomTabBarController.app; sourceTree = BUILT_PRODUCTS_DIR; };
		537BDA4123C43B8C001EF4B3 /* AppDelegate.swift */ = {isa = PBXFileReference; lastKnownFileType = sourcecode.swift; path = AppDelegate.swift; sourceTree = "<group>"; };
		537BDA4623C43B8C001EF4B3 /* Base */ = {isa = PBXFileReference; lastKnownFileType = file.storyboard; name = Base; path = Base.lproj/Main.storyboard; sourceTree = "<group>"; };
		537BDA4823C43B8D001EF4B3 /* Assets.xcassets */ = {isa = PBXFileReference; lastKnownFileType = folder.assetcatalog; path = Assets.xcassets; sourceTree = "<group>"; };
		537BDA4B23C43B8D001EF4B3 /* Base */ = {isa = PBXFileReference; lastKnownFileType = file.storyboard; name = Base; path = Base.lproj/LaunchScreen.storyboard; sourceTree = "<group>"; };
		537BDA4D23C43B8D001EF4B3 /* Info.plist */ = {isa = PBXFileReference; lastKnownFileType = text.plist.xml; path = Info.plist; sourceTree = "<group>"; };
		537BDA5723C43D90001EF4B3 /* SecondViewController.swift */ = {isa = PBXFileReference; lastKnownFileType = sourcecode.swift; path = SecondViewController.swift; sourceTree = "<group>"; };
		537BDA5923C43D9F001EF4B3 /* ActionViewController.swift */ = {isa = PBXFileReference; lastKnownFileType = sourcecode.swift; path = ActionViewController.swift; sourceTree = "<group>"; };
		537BDA5B23C43DAF001EF4B3 /* ThirdViewController.swift */ = {isa = PBXFileReference; lastKnownFileType = sourcecode.swift; path = ThirdViewController.swift; sourceTree = "<group>"; };
		537BDA5F23C44412001EF4B3 /* MasterTabBarController.swift */ = {isa = PBXFileReference; lastKnownFileType = sourcecode.swift; path = MasterTabBarController.swift; sourceTree = "<group>"; };
		53E5313E26C561220D774B79 /* Pods_CustomTabBarController.framework */ = {isa = PBXFileReference; explicitFileType = wrapper.framework; includeInIndex = 0; path = Pods_CustomTabBarController.framework; sourceTree = BUILT_PRODUCTS_DIR; };
		69500D837915D80DD5AFFDCD /* Pods-CustomTabBarController.release.xcconfig */ = {isa = PBXFileReference; includeInIndex = 1; lastKnownFileType = text.xcconfig; name = "Pods-CustomTabBarController.release.xcconfig"; path = "Target Support Files/Pods-CustomTabBarController/Pods-CustomTabBarController.release.xcconfig"; sourceTree = "<group>"; };
		ACF41A8D280EB206001B9B10 /* Data+Extension.swift */ = {isa = PBXFileReference; lastKnownFileType = sourcecode.swift; path = "Data+Extension.swift"; sourceTree = "<group>"; };
		ACF41A93280EB2B9001B9B10 /* Storyboard+Extension.swift */ = {isa = PBXFileReference; lastKnownFileType = sourcecode.swift; path = "Storyboard+Extension.swift"; sourceTree = "<group>"; };
		ACF41A96280EB365001B9B10 /* Identifier.swift */ = {isa = PBXFileReference; lastKnownFileType = sourcecode.swift; path = Identifier.swift; sourceTree = "<group>"; };
		ACF41A9D280EB438001B9B10 /* WeatherViewController.swift */ = {isa = PBXFileReference; lastKnownFileType = sourcecode.swift; path = WeatherViewController.swift; sourceTree = "<group>"; };
		ACF41AA0280EB462001B9B10 /* WeatherTableViewCell.swift */ = {isa = PBXFileReference; lastKnownFileType = sourcecode.swift; path = WeatherTableViewCell.swift; sourceTree = "<group>"; };
		ACF41AA1280EB462001B9B10 /* WeatherTableViewCell.xib */ = {isa = PBXFileReference; lastKnownFileType = file.xib; path = WeatherTableViewCell.xib; sourceTree = "<group>"; };
		ACF41AA4280EB49B001B9B10 /* UITableView+Extension.swift */ = {isa = PBXFileReference; lastKnownFileType = sourcecode.swift; path = "UITableView+Extension.swift"; sourceTree = "<group>"; };
		ACF41AA6280EB55B001B9B10 /* WeatherViewModel.swift */ = {isa = PBXFileReference; lastKnownFileType = sourcecode.swift; path = WeatherViewModel.swift; sourceTree = "<group>"; };
		ACF41AA9280EB892001B9B10 /* IPLookupAPIModel.swift */ = {isa = PBXFileReference; lastKnownFileType = sourcecode.swift; path = IPLookupAPIModel.swift; sourceTree = "<group>"; };
		ACF41AAB280EBDF0001B9B10 /* ForecastWeatherAPIModel.swift */ = {isa = PBXFileReference; lastKnownFileType = sourcecode.swift; path = ForecastWeatherAPIModel.swift; sourceTree = "<group>"; };
		FAF04F91280EDA1A00F7E27F /* Todo.storyboard */ = {isa = PBXFileReference; lastKnownFileType = file.storyboard; path = Todo.storyboard; sourceTree = "<group>"; };
		FAF04F94280EDA6D00F7E27F /* MenuTabBarController.swift */ = {isa = PBXFileReference; lastKnownFileType = sourcecode.swift; path = MenuTabBarController.swift; sourceTree = "<group>"; };
		FAF04F9B280EDB8200F7E27F /* TodoTableViewCell.swift */ = {isa = PBXFileReference; lastKnownFileType = sourcecode.swift; path = TodoTableViewCell.swift; sourceTree = "<group>"; };
		FAF04F9C280EDB8200F7E27F /* TodoTableViewCell.xib */ = {isa = PBXFileReference; lastKnownFileType = file.xib; path = TodoTableViewCell.xib; sourceTree = "<group>"; };
		FAF04FA2280EDEB800F7E27F /* HomeTodosViewController.swift */ = {isa = PBXFileReference; lastKnownFileType = sourcecode.swift; path = HomeTodosViewController.swift; sourceTree = "<group>"; };
		FAF04FA5280EF83200F7E27F /* DataManager.swift */ = {isa = PBXFileReference; lastKnownFileType = sourcecode.swift; path = DataManager.swift; sourceTree = "<group>"; };
		FAF04FA8280EF87D00F7E27F /* TodoModel.swift */ = {isa = PBXFileReference; lastKnownFileType = sourcecode.swift; path = TodoModel.swift; sourceTree = "<group>"; };
		FAF04FAA280EFAD100F7E27F /* TodoInfoViewController.swift */ = {isa = PBXFileReference; lastKnownFileType = sourcecode.swift; path = TodoInfoViewController.swift; sourceTree = "<group>"; };
		FAF04FAD280EFAFA00F7E27F /* TodoInfoViewModel.swift */ = {isa = PBXFileReference; lastKnownFileType = sourcecode.swift; path = TodoInfoViewModel.swift; sourceTree = "<group>"; };
		FAF04FAF280EFF5500F7E27F /* HomeTodosViewModel.swift */ = {isa = PBXFileReference; lastKnownFileType = sourcecode.swift; path = HomeTodosViewModel.swift; sourceTree = "<group>"; };
		FAF9982B2B84F91700FA40E8 /* Header.h */ = {isa = PBXFileReference; lastKnownFileType = sourcecode.c.h; path = Header.h; sourceTree = "<group>"; };
		FAF9982C2B84FC0900FA40E8 /* BaseViewController.swift */ = {isa = PBXFileReference; lastKnownFileType = sourcecode.swift; path = BaseViewController.swift; sourceTree = "<group>"; };
/* End PBXFileReference section */

/* Begin PBXFrameworksBuildPhase section */
		537BDA3B23C43B8C001EF4B3 /* Frameworks */ = {
			isa = PBXFrameworksBuildPhase;
			buildActionMask = 2147483647;
			files = (
				3C3E5C23746BAFB19C92520E /* Pods_CustomTabBarController.framework in Frameworks */,
			);
			runOnlyForDeploymentPostprocessing = 0;
		};
/* End PBXFrameworksBuildPhase section */

/* Begin PBXGroup section */
		537BDA3523C43B8C001EF4B3 = {
			isa = PBXGroup;
			children = (
				537BDA4023C43B8C001EF4B3 /* CustomTabBarController */,
				537BDA3F23C43B8C001EF4B3 /* Products */,
				DD89AE29CB39A69432D0FAB6 /* Pods */,
				F17B79AFFB76D268F3D2A30E /* Frameworks */,
			);
			sourceTree = "<group>";
		};
		537BDA3F23C43B8C001EF4B3 /* Products */ = {
			isa = PBXGroup;
			children = (
				537BDA3E23C43B8C001EF4B3 /* CustomTabBarController.app */,
			);
			name = Products;
			sourceTree = "<group>";
		};
		537BDA4023C43B8C001EF4B3 /* CustomTabBarController */ = {
			isa = PBXGroup;
			children = (
				FAF9982A2B84F90A00FA40E8 /* Configuration */,
				ACF41A98280EB3E1001B9B10 /* Modules */,
				ACF41A8F280EB24F001B9B10 /* Resource */,
				ACF41A8B280EB1EA001B9B10 /* Shared */,
				537BDA4123C43B8C001EF4B3 /* AppDelegate.swift */,
				537BDA5F23C44412001EF4B3 /* MasterTabBarController.swift */,
				537BDA5B23C43DAF001EF4B3 /* ThirdViewController.swift */,
				537BDA5923C43D9F001EF4B3 /* ActionViewController.swift */,
				537BDA5723C43D90001EF4B3 /* SecondViewController.swift */,
				537BDA4523C43B8C001EF4B3 /* Main.storyboard */,
				537BDA4823C43B8D001EF4B3 /* Assets.xcassets */,
				537BDA4A23C43B8D001EF4B3 /* LaunchScreen.storyboard */,
				537BDA4D23C43B8D001EF4B3 /* Info.plist */,
			);
			path = CustomTabBarController;
			sourceTree = "<group>";
		};
		ACF41A8B280EB1EA001B9B10 /* Shared */ = {
			isa = PBXGroup;
			children = (
				FAF04F9F280EDC7D00F7E27F /* Base */,
				ACF41A8C280EB1F2001B9B10 /* Extension */,
			);
			path = Shared;
			sourceTree = "<group>";
		};
		ACF41A8C280EB1F2001B9B10 /* Extension */ = {
			isa = PBXGroup;
			children = (
				ACF41A95280EB353001B9B10 /* Identifier */,
				ACF41A8D280EB206001B9B10 /* Data+Extension.swift */,
				ACF41A93280EB2B9001B9B10 /* Storyboard+Extension.swift */,
				ACF41AA4280EB49B001B9B10 /* UITableView+Extension.swift */,
			);
			path = Extension;
			sourceTree = "<group>";
		};
		ACF41A8F280EB24F001B9B10 /* Resource */ = {
			isa = PBXGroup;
			children = (
				ACF41A90280EB257001B9B10 /* Storyboard */,
			);
			path = Resource;
			sourceTree = "<group>";
		};
		ACF41A90280EB257001B9B10 /* Storyboard */ = {
			isa = PBXGroup;
			children = (
				FAF04F91280EDA1A00F7E27F /* Todo.storyboard */,
			);
			path = Storyboard;
			sourceTree = "<group>";
		};
		ACF41A95280EB353001B9B10 /* Identifier */ = {
			isa = PBXGroup;
			children = (
				ACF41A96280EB365001B9B10 /* Identifier.swift */,
			);
			path = Identifier;
			sourceTree = "<group>";
		};
		ACF41A98280EB3E1001B9B10 /* Modules */ = {
			isa = PBXGroup;
			children = (
				FAF04F93280EDA4400F7E27F /* MenuTabbar */,
				FAF04F90280ED9F900F7E27F /* Todos */,
				ACF41A99280EB3ED001B9B10 /* Weather */,
			);
			path = Modules;
			sourceTree = "<group>";
		};
		ACF41A99280EB3ED001B9B10 /* Weather */ = {
			isa = PBXGroup;
			children = (
				ACF41AA8280EB889001B9B10 /* Model */,
				ACF41A9C280EB408001B9B10 /* View */,
				ACF41A9B280EB3FF001B9B10 /* Controller */,
				ACF41A9A280EB3F5001B9B10 /* ViewModel */,
			);
			path = Weather;
			sourceTree = "<group>";
		};
		ACF41A9A280EB3F5001B9B10 /* ViewModel */ = {
			isa = PBXGroup;
			children = (
				ACF41AA6280EB55B001B9B10 /* WeatherViewModel.swift */,
			);
			path = ViewModel;
			sourceTree = "<group>";
		};
		ACF41A9B280EB3FF001B9B10 /* Controller */ = {
			isa = PBXGroup;
			children = (
				ACF41A9D280EB438001B9B10 /* WeatherViewController.swift */,
			);
			path = Controller;
			sourceTree = "<group>";
		};
		ACF41A9C280EB408001B9B10 /* View */ = {
			isa = PBXGroup;
			children = (
				ACF41A9F280EB449001B9B10 /* WeatherTableViewCell */,
			);
			path = View;
			sourceTree = "<group>";
		};
		ACF41A9F280EB449001B9B10 /* WeatherTableViewCell */ = {
			isa = PBXGroup;
			children = (
				ACF41AA0280EB462001B9B10 /* WeatherTableViewCell.swift */,
				ACF41AA1280EB462001B9B10 /* WeatherTableViewCell.xib */,
			);
			path = WeatherTableViewCell;
			sourceTree = "<group>";
		};
		ACF41AA8280EB889001B9B10 /* Model */ = {
			isa = PBXGroup;
			children = (
				ACF41AA9280EB892001B9B10 /* IPLookupAPIModel.swift */,
				ACF41AAB280EBDF0001B9B10 /* ForecastWeatherAPIModel.swift */,
			);
			path = Model;
			sourceTree = "<group>";
		};
		DD89AE29CB39A69432D0FAB6 /* Pods */ = {
			isa = PBXGroup;
			children = (
				4DBA3A3863333D79F9D1A192 /* Pods-CustomTabBarController.debug.xcconfig */,
				69500D837915D80DD5AFFDCD /* Pods-CustomTabBarController.release.xcconfig */,
			);
			path = Pods;
			sourceTree = "<group>";
		};
		F17B79AFFB76D268F3D2A30E /* Frameworks */ = {
			isa = PBXGroup;
			children = (
				53E5313E26C561220D774B79 /* Pods_CustomTabBarController.framework */,
			);
			name = Frameworks;
			sourceTree = "<group>";
		};
		FAF04F90280ED9F900F7E27F /* Todos */ = {
			isa = PBXGroup;
			children = (
				FAF04FAC280EFAE800F7E27F /* ViewModel */,
				FAF04FA7280EF86F00F7E27F /* Model */,
				FAF04FA4280EF1D700F7E27F /* DataManager */,
				FAF04F99280EDB5C00F7E27F /* View */,
				FAF04F96280EDB2A00F7E27F /* Controller */,
			);
			path = Todos;
			sourceTree = "<group>";
		};
		FAF04F93280EDA4400F7E27F /* MenuTabbar */ = {
			isa = PBXGroup;
			children = (
				FAF04F94280EDA6D00F7E27F /* MenuTabBarController.swift */,
			);
			path = MenuTabbar;
			sourceTree = "<group>";
		};
		FAF04F96280EDB2A00F7E27F /* Controller */ = {
			isa = PBXGroup;
			children = (
				FAF04FA2280EDEB800F7E27F /* HomeTodosViewController.swift */,
				FAF04FAA280EFAD100F7E27F /* TodoInfoViewController.swift */,
			);
			path = Controller;
			sourceTree = "<group>";
		};
		FAF04F99280EDB5C00F7E27F /* View */ = {
			isa = PBXGroup;
			children = (
				FAF04F9A280EDB6600F7E27F /* TodoTableViewCell */,
			);
			path = View;
			sourceTree = "<group>";
		};
		FAF04F9A280EDB6600F7E27F /* TodoTableViewCell */ = {
			isa = PBXGroup;
			children = (
				FAF04F9B280EDB8200F7E27F /* TodoTableViewCell.swift */,
				FAF04F9C280EDB8200F7E27F /* TodoTableViewCell.xib */,
			);
			path = TodoTableViewCell;
			sourceTree = "<group>";
		};
		FAF04F9F280EDC7D00F7E27F /* Base */ = {
			isa = PBXGroup;
			children = (
				FAF9982C2B84FC0900FA40E8 /* BaseViewController.swift */,
			);
			path = Base;
			sourceTree = "<group>";
		};
		FAF04FA4280EF1D700F7E27F /* DataManager */ = {
			isa = PBXGroup;
			children = (
				FAF04FA5280EF83200F7E27F /* DataManager.swift */,
			);
			path = DataManager;
			sourceTree = "<group>";
		};
		FAF04FA7280EF86F00F7E27F /* Model */ = {
			isa = PBXGroup;
			children = (
				FAF04FA8280EF87D00F7E27F /* TodoModel.swift */,
			);
			path = Model;
			sourceTree = "<group>";
		};
		FAF04FAC280EFAE800F7E27F /* ViewModel */ = {
			isa = PBXGroup;
			children = (
				FAF04FAD280EFAFA00F7E27F /* TodoInfoViewModel.swift */,
				FAF04FAF280EFF5500F7E27F /* HomeTodosViewModel.swift */,
			);
			path = ViewModel;
			sourceTree = "<group>";
		};
		FAF9982A2B84F90A00FA40E8 /* Configuration */ = {
			isa = PBXGroup;
			children = (
				FAF9982B2B84F91700FA40E8 /* Header.h */,
			);
			path = Configuration;
			sourceTree = "<group>";
		};
/* End PBXGroup section */

/* Begin PBXNativeTarget section */
		537BDA3D23C43B8C001EF4B3 /* CustomTabBarController */ = {
			isa = PBXNativeTarget;
			buildConfigurationList = 537BDA5023C43B8D001EF4B3 /* Build configuration list for PBXNativeTarget "CustomTabBarController" */;
			buildPhases = (
				73F551CB588FDD08B33C6E92 /* [CP] Check Pods Manifest.lock */,
				537BDA3A23C43B8C001EF4B3 /* Sources */,
				537BDA3B23C43B8C001EF4B3 /* Frameworks */,
				537BDA3C23C43B8C001EF4B3 /* Resources */,
				E1B31616F43C14C6771A0D8E /* [CP] Embed Pods Frameworks */,
			);
			buildRules = (
			);
			dependencies = (
			);
			name = CustomTabBarController;
			productName = CustomTabBarController;
			productReference = 537BDA3E23C43B8C001EF4B3 /* CustomTabBarController.app */;
			productType = "com.apple.product-type.application";
		};
/* End PBXNativeTarget section */

/* Begin PBXProject section */
		537BDA3623C43B8C001EF4B3 /* Project object */ = {
			isa = PBXProject;
			attributes = {
				LastSwiftUpdateCheck = 1010;
				LastUpgradeCheck = 1010;
				ORGANIZATIONNAME = "Ngô Bảo Châu";
				TargetAttributes = {
					537BDA3D23C43B8C001EF4B3 = {
						CreatedOnToolsVersion = 10.1;
					};
				};
			};
			buildConfigurationList = 537BDA3923C43B8C001EF4B3 /* Build configuration list for PBXProject "CustomTabBarController" */;
			compatibilityVersion = "Xcode 9.3";
			developmentRegion = en;
			hasScannedForEncodings = 0;
			knownRegions = (
				en,
				Base,
			);
			mainGroup = 537BDA3523C43B8C001EF4B3;
			productRefGroup = 537BDA3F23C43B8C001EF4B3 /* Products */;
			projectDirPath = "";
			projectRoot = "";
			targets = (
				537BDA3D23C43B8C001EF4B3 /* CustomTabBarController */,
			);
		};
/* End PBXProject section */

/* Begin PBXResourcesBuildPhase section */
		537BDA3C23C43B8C001EF4B3 /* Resources */ = {
			isa = PBXResourcesBuildPhase;
			buildActionMask = 2147483647;
			files = (
				537BDA4C23C43B8D001EF4B3 /* LaunchScreen.storyboard in Resources */,
				FAF04F9E280EDB8200F7E27F /* TodoTableViewCell.xib in Resources */,
				ACF41AA3280EB462001B9B10 /* WeatherTableViewCell.xib in Resources */,
				537BDA4923C43B8D001EF4B3 /* Assets.xcassets in Resources */,
				FAF04F92280EDA1A00F7E27F /* Todo.storyboard in Resources */,
				537BDA4723C43B8C001EF4B3 /* Main.storyboard in Resources */,
			);
			runOnlyForDeploymentPostprocessing = 0;
		};
/* End PBXResourcesBuildPhase section */

/* Begin PBXShellScriptBuildPhase section */
		73F551CB588FDD08B33C6E92 /* [CP] Check Pods Manifest.lock */ = {
			isa = PBXShellScriptBuildPhase;
			buildActionMask = 2147483647;
			files = (
			);
			inputFileListPaths = (
			);
			inputPaths = (
				"${PODS_PODFILE_DIR_PATH}/Podfile.lock",
				"${PODS_ROOT}/Manifest.lock",
			);
			name = "[CP] Check Pods Manifest.lock";
			outputFileListPaths = (
			);
			outputPaths = (
				"$(DERIVED_FILE_DIR)/Pods-CustomTabBarController-checkManifestLockResult.txt",
			);
			runOnlyForDeploymentPostprocessing = 0;
			shellPath = /bin/sh;
			shellScript = "diff \"${PODS_PODFILE_DIR_PATH}/Podfile.lock\" \"${PODS_ROOT}/Manifest.lock\" > /dev/null\nif [ $? != 0 ] ; then\n    # print error to STDERR\n    echo \"error: The sandbox is not in sync with the Podfile.lock. Run 'pod install' or update your CocoaPods installation.\" >&2\n    exit 1\nfi\n# This output is used by Xcode 'outputs' to avoid re-running this script phase.\necho \"SUCCESS\" > \"${SCRIPT_OUTPUT_FILE_0}\"\n";
			showEnvVarsInLog = 0;
		};
		E1B31616F43C14C6771A0D8E /* [CP] Embed Pods Frameworks */ = {
			isa = PBXShellScriptBuildPhase;
			buildActionMask = 2147483647;
			files = (
			);
			inputFileListPaths = (
				"${PODS_ROOT}/Target Support Files/Pods-CustomTabBarController/Pods-CustomTabBarController-frameworks-${CONFIGURATION}-input-files.xcfilelist",
			);
			name = "[CP] Embed Pods Frameworks";
			outputFileListPaths = (
				"${PODS_ROOT}/Target Support Files/Pods-CustomTabBarController/Pods-CustomTabBarController-frameworks-${CONFIGURATION}-output-files.xcfilelist",
			);
			runOnlyForDeploymentPostprocessing = 0;
			shellPath = /bin/sh;
			shellScript = "\"${PODS_ROOT}/Target Support Files/Pods-CustomTabBarController/Pods-CustomTabBarController-frameworks.sh\"\n";
			showEnvVarsInLog = 0;
		};
/* End PBXShellScriptBuildPhase section */

/* Begin PBXSourcesBuildPhase section */
		537BDA3A23C43B8C001EF4B3 /* Sources */ = {
			isa = PBXSourcesBuildPhase;
			buildActionMask = 2147483647;
			files = (
				ACF41AA2280EB462001B9B10 /* WeatherTableViewCell.swift in Sources */,
				537BDA5823C43D90001EF4B3 /* SecondViewController.swift in Sources */,
				FAF04FAE280EFAFA00F7E27F /* TodoInfoViewModel.swift in Sources */,
				FAF9982D2B84FC0900FA40E8 /* BaseViewController.swift in Sources */,
				537BDA5A23C43D9F001EF4B3 /* ActionViewController.swift in Sources */,
				FAF04F9D280EDB8200F7E27F /* TodoTableViewCell.swift in Sources */,
				FAF04F95280EDA6D00F7E27F /* MenuTabBarController.swift in Sources */,
				ACF41AA7280EB55B001B9B10 /* WeatherViewModel.swift in Sources */,
				537BDA6023C44412001EF4B3 /* MasterTabBarController.swift in Sources */,
				FAF04FA6280EF83200F7E27F /* DataManager.swift in Sources */,
				FAF04FA9280EF87D00F7E27F /* TodoModel.swift in Sources */,
				ACF41A97280EB365001B9B10 /* Identifier.swift in Sources */,
				537BDA4223C43B8C001EF4B3 /* AppDelegate.swift in Sources */,
				537BDA5C23C43DAF001EF4B3 /* ThirdViewController.swift in Sources */,
				FAF04FA3280EDEB800F7E27F /* HomeTodosViewController.swift in Sources */,
				ACF41AAC280EBDF0001B9B10 /* ForecastWeatherAPIModel.swift in Sources */,
				ACF41A94280EB2B9001B9B10 /* Storyboard+Extension.swift in Sources */,
				ACF41A8E280EB206001B9B10 /* Data+Extension.swift in Sources */,
				FAF04FB0280EFF5500F7E27F /* HomeTodosViewModel.swift in Sources */,
				FAF04FAB280EFAD100F7E27F /* TodoInfoViewController.swift in Sources */,
				ACF41AAA280EB892001B9B10 /* IPLookupAPIModel.swift in Sources */,
				ACF41A9E280EB438001B9B10 /* WeatherViewController.swift in Sources */,
				ACF41AA5280EB49B001B9B10 /* UITableView+Extension.swift in Sources */,
			);
			runOnlyForDeploymentPostprocessing = 0;
		};
/* End PBXSourcesBuildPhase section */

/* Begin PBXVariantGroup section */
		537BDA4523C43B8C001EF4B3 /* Main.storyboard */ = {
			isa = PBXVariantGroup;
			children = (
				537BDA4623C43B8C001EF4B3 /* Base */,
			);
			name = Main.storyboard;
			sourceTree = "<group>";
		};
		537BDA4A23C43B8D001EF4B3 /* LaunchScreen.storyboard */ = {
			isa = PBXVariantGroup;
			children = (
				537BDA4B23C43B8D001EF4B3 /* Base */,
			);
			name = LaunchScreen.storyboard;
			sourceTree = "<group>";
		};
/* End PBXVariantGroup section */

/* Begin XCBuildConfiguration section */
		537BDA4E23C43B8D001EF4B3 /* Debug */ = {
			isa = XCBuildConfiguration;
			buildSettings = {
				ALWAYS_SEARCH_USER_PATHS = NO;
				CLANG_ANALYZER_NONNULL = YES;
				CLANG_ANALYZER_NUMBER_OBJECT_CONVERSION = YES_AGGRESSIVE;
				CLANG_CXX_LANGUAGE_STANDARD = "gnu++14";
				CLANG_CXX_LIBRARY = "libc++";
				CLANG_ENABLE_MODULES = YES;
				CLANG_ENABLE_OBJC_ARC = YES;
				CLANG_ENABLE_OBJC_WEAK = YES;
				CLANG_WARN_BLOCK_CAPTURE_AUTORELEASING = YES;
				CLANG_WARN_BOOL_CONVERSION = YES;
				CLANG_WARN_COMMA = YES;
				CLANG_WARN_CONSTANT_CONVERSION = YES;
				CLANG_WARN_DEPRECATED_OBJC_IMPLEMENTATIONS = YES;
				CLANG_WARN_DIRECT_OBJC_ISA_USAGE = YES_ERROR;
				CLANG_WARN_DOCUMENTATION_COMMENTS = YES;
				CLANG_WARN_EMPTY_BODY = YES;
				CLANG_WARN_ENUM_CONVERSION = YES;
				CLANG_WARN_INFINITE_RECURSION = YES;
				CLANG_WARN_INT_CONVERSION = YES;
				CLANG_WARN_NON_LITERAL_NULL_CONVERSION = YES;
				CLANG_WARN_OBJC_IMPLICIT_RETAIN_SELF = YES;
				CLANG_WARN_OBJC_LITERAL_CONVERSION = YES;
				CLANG_WARN_OBJC_ROOT_CLASS = YES_ERROR;
				CLANG_WARN_RANGE_LOOP_ANALYSIS = YES;
				CLANG_WARN_STRICT_PROTOTYPES = YES;
				CLANG_WARN_SUSPICIOUS_MOVE = YES;
				CLANG_WARN_UNGUARDED_AVAILABILITY = YES_AGGRESSIVE;
				CLANG_WARN_UNREACHABLE_CODE = YES;
				CLANG_WARN__DUPLICATE_METHOD_MATCH = YES;
				CODE_SIGN_IDENTITY = "iPhone Developer";
				COPY_PHASE_STRIP = NO;
				DEBUG_INFORMATION_FORMAT = dwarf;
				ENABLE_STRICT_OBJC_MSGSEND = YES;
				ENABLE_TESTABILITY = YES;
				GCC_C_LANGUAGE_STANDARD = gnu11;
				GCC_DYNAMIC_NO_PIC = NO;
				GCC_NO_COMMON_BLOCKS = YES;
				GCC_OPTIMIZATION_LEVEL = 0;
				GCC_PREPROCESSOR_DEFINITIONS = (
					"DEBUG=1",
					"$(inherited)",
				);
				GCC_WARN_64_TO_32_BIT_CONVERSION = YES;
				GCC_WARN_ABOUT_RETURN_TYPE = YES_ERROR;
				GCC_WARN_UNDECLARED_SELECTOR = YES;
				GCC_WARN_UNINITIALIZED_AUTOS = YES_AGGRESSIVE;
				GCC_WARN_UNUSED_FUNCTION = YES;
				GCC_WARN_UNUSED_VARIABLE = YES;
				IPHONEOS_DEPLOYMENT_TARGET = 12.1;
				MTL_ENABLE_DEBUG_INFO = INCLUDE_SOURCE;
				MTL_FAST_MATH = YES;
				ONLY_ACTIVE_ARCH = YES;
				SDKROOT = iphoneos;
				SWIFT_ACTIVE_COMPILATION_CONDITIONS = DEBUG;
				SWIFT_OPTIMIZATION_LEVEL = "-Onone";
			};
			name = Debug;
		};
		537BDA4F23C43B8D001EF4B3 /* Release */ = {
			isa = XCBuildConfiguration;
			buildSettings = {
				ALWAYS_SEARCH_USER_PATHS = NO;
				CLANG_ANALYZER_NONNULL = YES;
				CLANG_ANALYZER_NUMBER_OBJECT_CONVERSION = YES_AGGRESSIVE;
				CLANG_CXX_LANGUAGE_STANDARD = "gnu++14";
				CLANG_CXX_LIBRARY = "libc++";
				CLANG_ENABLE_MODULES = YES;
				CLANG_ENABLE_OBJC_ARC = YES;
				CLANG_ENABLE_OBJC_WEAK = YES;
				CLANG_WARN_BLOCK_CAPTURE_AUTORELEASING = YES;
				CLANG_WARN_BOOL_CONVERSION = YES;
				CLANG_WARN_COMMA = YES;
				CLANG_WARN_CONSTANT_CONVERSION = YES;
				CLANG_WARN_DEPRECATED_OBJC_IMPLEMENTATIONS = YES;
				CLANG_WARN_DIRECT_OBJC_ISA_USAGE = YES_ERROR;
				CLANG_WARN_DOCUMENTATION_COMMENTS = YES;
				CLANG_WARN_EMPTY_BODY = YES;
				CLANG_WARN_ENUM_CONVERSION = YES;
				CLANG_WARN_INFINITE_RECURSION = YES;
				CLANG_WARN_INT_CONVERSION = YES;
				CLANG_WARN_NON_LITERAL_NULL_CONVERSION = YES;
				CLANG_WARN_OBJC_IMPLICIT_RETAIN_SELF = YES;
				CLANG_WARN_OBJC_LITERAL_CONVERSION = YES;
				CLANG_WARN_OBJC_ROOT_CLASS = YES_ERROR;
				CLANG_WARN_RANGE_LOOP_ANALYSIS = YES;
				CLANG_WARN_STRICT_PROTOTYPES = YES;
				CLANG_WARN_SUSPICIOUS_MOVE = YES;
				CLANG_WARN_UNGUARDED_AVAILABILITY = YES_AGGRESSIVE;
				CLANG_WARN_UNREACHABLE_CODE = YES;
				CLANG_WARN__DUPLICATE_METHOD_MATCH = YES;
				CODE_SIGN_IDENTITY = "iPhone Developer";
				COPY_PHASE_STRIP = NO;
				DEBUG_INFORMATION_FORMAT = "dwarf-with-dsym";
				ENABLE_NS_ASSERTIONS = NO;
				ENABLE_STRICT_OBJC_MSGSEND = YES;
				GCC_C_LANGUAGE_STANDARD = gnu11;
				GCC_NO_COMMON_BLOCKS = YES;
				GCC_WARN_64_TO_32_BIT_CONVERSION = YES;
				GCC_WARN_ABOUT_RETURN_TYPE = YES_ERROR;
				GCC_WARN_UNDECLARED_SELECTOR = YES;
				GCC_WARN_UNINITIALIZED_AUTOS = YES_AGGRESSIVE;
				GCC_WARN_UNUSED_FUNCTION = YES;
				GCC_WARN_UNUSED_VARIABLE = YES;
				IPHONEOS_DEPLOYMENT_TARGET = 12.1;
				MTL_ENABLE_DEBUG_INFO = NO;
				MTL_FAST_MATH = YES;
				SDKROOT = iphoneos;
				SWIFT_COMPILATION_MODE = wholemodule;
				SWIFT_OPTIMIZATION_LEVEL = "-O";
				VALIDATE_PRODUCT = YES;
			};
			name = Release;
		};
		537BDA5123C43B8D001EF4B3 /* Debug */ = {
			isa = XCBuildConfiguration;
			baseConfigurationReference = 4DBA3A3863333D79F9D1A192 /* Pods-CustomTabBarController.debug.xcconfig */;
			buildSettings = {
				ASSETCATALOG_COMPILER_APPICON_NAME = AppIcon;
				CODE_SIGN_STYLE = Automatic;
				INFOPLIST_FILE = CustomTabBarController/Info.plist;
				IPHONEOS_DEPLOYMENT_TARGET = 15.0;
				LD_RUNPATH_SEARCH_PATHS = (
					"$(inherited)",
					"@executable_path/Frameworks",
				);
				PRODUCT_BUNDLE_IDENTIFIER = CuongDD.CustomTabBarController;
				PRODUCT_NAME = "$(TARGET_NAME)";
				SWIFT_OBJC_BRIDGING_HEADER = $SRCROOT/CustomTabBarController/Configuration/Header.h;
				SWIFT_VERSION = 4.2;
				TARGETED_DEVICE_FAMILY = "1,2";
			};
			name = Debug;
		};
		537BDA5223C43B8D001EF4B3 /* Release */ = {
			isa = XCBuildConfiguration;
			baseConfigurationReference = 69500D837915D80DD5AFFDCD /* Pods-CustomTabBarController.release.xcconfig */;
			buildSettings = {
				ASSETCATALOG_COMPILER_APPICON_NAME = AppIcon;
				CODE_SIGN_STYLE = Automatic;
				INFOPLIST_FILE = CustomTabBarController/Info.plist;
				IPHONEOS_DEPLOYMENT_TARGET = 15.0;
				LD_RUNPATH_SEARCH_PATHS = (
					"$(inherited)",
					"@executable_path/Frameworks",
				);
				PRODUCT_BUNDLE_IDENTIFIER = CuongDD.CustomTabBarController;
				PRODUCT_NAME = "$(TARGET_NAME)";
				SWIFT_OBJC_BRIDGING_HEADER = $SRCROOT/CustomTabBarController/Configuration/Header.h;
				SWIFT_VERSION = 4.2;
				TARGETED_DEVICE_FAMILY = "1,2";
			};
			name = Release;
		};
/* End XCBuildConfiguration section */

/* Begin XCConfigurationList section */
		537BDA3923C43B8C001EF4B3 /* Build configuration list for PBXProject "CustomTabBarController" */ = {
			isa = XCConfigurationList;
			buildConfigurations = (
				537BDA4E23C43B8D001EF4B3 /* Debug */,
				537BDA4F23C43B8D001EF4B3 /* Release */,
			);
			defaultConfigurationIsVisible = 0;
			defaultConfigurationName = Release;
		};
		537BDA5023C43B8D001EF4B3 /* Build configuration list for PBXNativeTarget "CustomTabBarController" */ = {
			isa = XCConfigurationList;
			buildConfigurations = (
				537BDA5123C43B8D001EF4B3 /* Debug */,
				537BDA5223C43B8D001EF4B3 /* Release */,
			);
			defaultConfigurationIsVisible = 0;
			defaultConfigurationName = Release;
		};
/* End XCConfigurationList section */
	};
	rootObject = 537BDA3623C43B8C001EF4B3 /* Project object */;
}
